// !$*UTF8*$!
{
	archiveVersion = 1;
	classes = {
	};
	objectVersion = 46;
	objects = {

/* Begin PBXBuildFile section */
		B44516B61610D53A004A1A3C /* main.m in Sources */ = {isa = PBXBuildFile; fileRef = B44516B51610D53A004A1A3C /* main.m */; };
		B44516BA1610D53A004A1A3C /* stored.1 in CopyFiles */ = {isa = PBXBuildFile; fileRef = B44516B91610D53A004A1A3C /* stored.1 */; };
		B44516C11610DA65004A1A3C /* list.c in Sources */ = {isa = PBXBuildFile; fileRef = B44516C01610DA65004A1A3C /* list.c */; };
		B44516D116112F4C004A1A3C /* list.c in Sources */ = {isa = PBXBuildFile; fileRef = B44516C01610DA65004A1A3C /* list.c */; };
		B497EBC01608F28E00BF3C87 /* main.c in Sources */ = {isa = PBXBuildFile; fileRef = B497EBBF1608F28E00BF3C87 /* main.c */; };
		B497EBC41608F28E00BF3C87 /* harvest.1 in CopyFiles */ = {isa = PBXBuildFile; fileRef = B497EBC31608F28E00BF3C87 /* harvest.1 */; };
		B497EBCB1608F2F600BF3C87 /* libpcap.dylib in Frameworks */ = {isa = PBXBuildFile; fileRef = B497EBCA1608F2F600BF3C87 /* libpcap.dylib */; };
/* End PBXBuildFile section */

/* Begin PBXCopyFilesBuildPhase section */
		B44516AF1610D53A004A1A3C /* CopyFiles */ = {
			isa = PBXCopyFilesBuildPhase;
			buildActionMask = 2147483647;
			dstPath = /usr/share/man/man1/;
			dstSubfolderSpec = 0;
			files = (
				B44516BA1610D53A004A1A3C /* stored.1 in CopyFiles */,
			);
			runOnlyForDeploymentPostprocessing = 1;
		};
		B497EBB61608F28E00BF3C87 /* CopyFiles */ = {
			isa = PBXCopyFilesBuildPhase;
			buildActionMask = 2147483647;
			dstPath = /usr/share/man/man1/;
			dstSubfolderSpec = 0;
			files = (
				B497EBC41608F28E00BF3C87 /* harvest.1 in CopyFiles */,
			);
			runOnlyForDeploymentPostprocessing = 1;
		};
/* End PBXCopyFilesBuildPhase section */

/* Begin PBXFileReference section */
		B4122DAA160BC1BC00C004B4 /* radiotap.h */ = {isa = PBXFileReference; fileEncoding = 4; lastKnownFileType = sourcecode.c.h; path = radiotap.h; sourceTree = "<group>"; };
		B424B1C816114BBF00F98968 /* main.h */ = {isa = PBXFileReference; fileEncoding = 4; lastKnownFileType = sourcecode.c.h; path = main.h; sourceTree = "<group>"; };
		B44516B11610D53A004A1A3C /* stored */ = {isa = PBXFileReference; explicitFileType = "compiled.mach-o.executable"; includeInIndex = 0; path = stored; sourceTree = BUILT_PRODUCTS_DIR; };
		B44516B51610D53A004A1A3C /* main.m */ = {isa = PBXFileReference; lastKnownFileType = sourcecode.c.objc; path = main.m; sourceTree = "<group>"; };
		B44516B81610D53A004A1A3C /* stored-Prefix.pch */ = {isa = PBXFileReference; lastKnownFileType = sourcecode.c.h; path = "stored-Prefix.pch"; sourceTree = "<group>"; };
		B44516B91610D53A004A1A3C /* stored.1 */ = {isa = PBXFileReference; lastKnownFileType = text.man; path = stored.1; sourceTree = "<group>"; };
		B44516BF1610D581004A1A3C /* harvest.h */ = {isa = PBXFileReference; fileEncoding = 4; lastKnownFileType = sourcecode.c.h; path = harvest.h; sourceTree = "<group>"; };
		B44516C01610DA65004A1A3C /* list.c */ = {isa = PBXFileReference; fileEncoding = 4; lastKnownFileType = sourcecode.c.c; path = list.c; sourceTree = "<group>"; };
		B44516C21610DA88004A1A3C /* list.h */ = {isa = PBXFileReference; fileEncoding = 4; lastKnownFileType = sourcecode.c.h; path = list.h; sourceTree = "<group>"; };
		B44516C316110939004A1A3C /* common.h */ = {isa = PBXFileReference; fileEncoding = 4; lastKnownFileType = sourcecode.c.h; path = common.h; sourceTree = "<group>"; };
		B497EBB81608F28E00BF3C87 /* harvestd */ = {isa = PBXFileReference; explicitFileType = "compiled.mach-o.executable"; includeInIndex = 0; path = harvestd; sourceTree = BUILT_PRODUCTS_DIR; };
		B497EBBF1608F28E00BF3C87 /* main.c */ = {isa = PBXFileReference; lastKnownFileType = sourcecode.c.c; path = main.c; sourceTree = "<group>"; };
		B497EBC21608F28E00BF3C87 /* harvest-Prefix.pch */ = {isa = PBXFileReference; lastKnownFileType = sourcecode.c.h; path = "harvest-Prefix.pch"; sourceTree = "<group>"; };
		B497EBC31608F28E00BF3C87 /* harvest.1 */ = {isa = PBXFileReference; lastKnownFileType = text.man; path = harvest.1; sourceTree = "<group>"; };
		B497EBCA1608F2F600BF3C87 /* libpcap.dylib */ = {isa = PBXFileReference; lastKnownFileType = "compiled.mach-o.dylib"; name = libpcap.dylib; path = usr/lib/libpcap.dylib; sourceTree = SDKROOT; };
		B4EA7034160D3B7A001A11F7 /* ieee80211_defs.h */ = {isa = PBXFileReference; fileEncoding = 4; lastKnownFileType = sourcecode.c.h; path = ieee80211_defs.h; sourceTree = "<group>"; };
		B4EA7035160D3BAD001A11F7 /* main.h */ = {isa = PBXFileReference; fileEncoding = 4; lastKnownFileType = sourcecode.c.h; path = main.h; sourceTree = "<group>"; };
		B4EA7036160D3BF8001A11F7 /* dstites_radiotap.h */ = {isa = PBXFileReference; fileEncoding = 4; lastKnownFileType = sourcecode.c.h; path = dstites_radiotap.h; sourceTree = "<group>"; };
/* End PBXFileReference section */

/* Begin PBXFrameworksBuildPhase section */
		B44516AE1610D53A004A1A3C /* Frameworks */ = {
			isa = PBXFrameworksBuildPhase;
			buildActionMask = 2147483647;
			files = (
			);
			runOnlyForDeploymentPostprocessing = 0;
		};
		B497EBB51608F28E00BF3C87 /* Frameworks */ = {
			isa = PBXFrameworksBuildPhase;
			buildActionMask = 2147483647;
			files = (
				B497EBCB1608F2F600BF3C87 /* libpcap.dylib in Frameworks */,
			);
			runOnlyForDeploymentPostprocessing = 0;
		};
/* End PBXFrameworksBuildPhase section */

/* Begin PBXGroup section */
		B4122DAE160BC37B00C004B4 /* radiotap */ = {
			isa = PBXGroup;
			children = (
				B4122DAA160BC1BC00C004B4 /* radiotap.h */,
				B4EA7036160D3BF8001A11F7 /* dstites_radiotap.h */,
			);
			name = radiotap;
			sourceTree = "<group>";
		};
		B44516B41610D53A004A1A3C /* stored */ = {
			isa = PBXGroup;
			children = (
				B424B1C816114BBF00F98968 /* main.h */,
				B44516B51610D53A004A1A3C /* main.m */,
				B44516B91610D53A004A1A3C /* stored.1 */,
				B44516B71610D53A004A1A3C /* Supporting Files */,
			);
			path = stored;
			sourceTree = "<group>";
		};
		B44516B71610D53A004A1A3C /* Supporting Files */ = {
			isa = PBXGroup;
			children = (
				B44516B81610D53A004A1A3C /* stored-Prefix.pch */,
			);
			name = "Supporting Files";
			sourceTree = "<group>";
		};
		B44516C416110CC9004A1A3C /* common */ = {
			isa = PBXGroup;
			children = (
				B44516C316110939004A1A3C /* common.h */,
				B44516C21610DA88004A1A3C /* list.h */,
				B44516C01610DA65004A1A3C /* list.c */,
				B44516BF1610D581004A1A3C /* harvest.h */,
			);
			name = common;
			sourceTree = "<group>";
		};
		B497EBAD1608F28D00BF3C87 = {
			isa = PBXGroup;
			children = (
				B44516C416110CC9004A1A3C /* common */,
				B497EBBE1608F28E00BF3C87 /* harvestd */,
				B44516B41610D53A004A1A3C /* stored */,
				B497EBBB1608F28E00BF3C87 /* Frameworks */,
				B497EBB91608F28E00BF3C87 /* Products */,
			);
			sourceTree = "<group>";
		};
		B497EBB91608F28E00BF3C87 /* Products */ = {
			isa = PBXGroup;
			children = (
				B497EBB81608F28E00BF3C87 /* harvestd */,
				B44516B11610D53A004A1A3C /* stored */,
			);
			name = Products;
			sourceTree = "<group>";
		};
		B497EBBB1608F28E00BF3C87 /* Frameworks */ = {
			isa = PBXGroup;
			children = (
				B497EBCA1608F2F600BF3C87 /* libpcap.dylib */,
			);
			name = Frameworks;
			sourceTree = "<group>";
		};
		B497EBBE1608F28E00BF3C87 /* harvestd */ = {
			isa = PBXGroup;
			children = (
				B4EA7035160D3BAD001A11F7 /* main.h */,
				B497EBBF1608F28E00BF3C87 /* main.c */,
				B4EA7032160D3B66001A11F7 /* ieee80211 */,
				B4122DAE160BC37B00C004B4 /* radiotap */,
				B497EBC31608F28E00BF3C87 /* harvest.1 */,
				B497EBC11608F28E00BF3C87 /* Supporting Files */,
			);
			name = harvestd;
			path = harvest;
			sourceTree = "<group>";
		};
		B497EBC11608F28E00BF3C87 /* Supporting Files */ = {
			isa = PBXGroup;
			children = (
				B497EBC21608F28E00BF3C87 /* harvest-Prefix.pch */,
			);
			name = "Supporting Files";
			sourceTree = "<group>";
		};
		B4EA7032160D3B66001A11F7 /* ieee80211 */ = {
			isa = PBXGroup;
			children = (
				B4EA7034160D3B7A001A11F7 /* ieee80211_defs.h */,
			);
			name = ieee80211;
			sourceTree = "<group>";
		};
/* End PBXGroup section */

/* Begin PBXNativeTarget section */
		B44516B01610D53A004A1A3C /* stored */ = {
			isa = PBXNativeTarget;
			buildConfigurationList = B44516BD1610D53A004A1A3C /* Build configuration list for PBXNativeTarget "stored" */;
			buildPhases = (
				B44516AD1610D53A004A1A3C /* Sources */,
				B44516AE1610D53A004A1A3C /* Frameworks */,
				B44516AF1610D53A004A1A3C /* CopyFiles */,
			);
			buildRules = (
			);
			dependencies = (
			);
			name = stored;
			productName = stored;
			productReference = B44516B11610D53A004A1A3C /* stored */;
			productType = "com.apple.product-type.tool";
		};
		B497EBB71608F28E00BF3C87 /* harvestd */ = {
			isa = PBXNativeTarget;
			buildConfigurationList = B497EBC71608F28E00BF3C87 /* Build configuration list for PBXNativeTarget "harvestd" */;
			buildPhases = (
				B497EBB41608F28E00BF3C87 /* Sources */,
				B497EBB51608F28E00BF3C87 /* Frameworks */,
				B497EBB61608F28E00BF3C87 /* CopyFiles */,
			);
			buildRules = (
			);
			dependencies = (
			);
			name = harvestd;
			productName = harvest;
			productReference = B497EBB81608F28E00BF3C87 /* harvestd */;
			productType = "com.apple.product-type.tool";
		};
/* End PBXNativeTarget section */

/* Begin PBXProject section */
		B497EBAF1608F28D00BF3C87 /* Project object */ = {
			isa = PBXProject;
			attributes = {
				LastUpgradeCheck = 0450;
			};
			buildConfigurationList = B497EBB21608F28E00BF3C87 /* Build configuration list for PBXProject "harvest" */;
			compatibilityVersion = "Xcode 3.2";
			developmentRegion = English;
			hasScannedForEncodings = 0;
			knownRegions = (
				en,
			);
			mainGroup = B497EBAD1608F28D00BF3C87;
			productRefGroup = B497EBB91608F28E00BF3C87 /* Products */;
			projectDirPath = "";
			projectRoot = "";
			targets = (
				B497EBB71608F28E00BF3C87 /* harvestd */,
				B44516B01610D53A004A1A3C /* stored */,
			);
		};
/* End PBXProject section */

/* Begin PBXSourcesBuildPhase section */
		B44516AD1610D53A004A1A3C /* Sources */ = {
			isa = PBXSourcesBuildPhase;
			buildActionMask = 2147483647;
			files = (
				B44516D116112F4C004A1A3C /* list.c in Sources */,
				B44516B61610D53A004A1A3C /* main.m in Sources */,
			);
			runOnlyForDeploymentPostprocessing = 0;
		};
		B497EBB41608F28E00BF3C87 /* Sources */ = {
			isa = PBXSourcesBuildPhase;
			buildActionMask = 2147483647;
			files = (
				B497EBC01608F28E00BF3C87 /* main.c in Sources */,
				B44516C11610DA65004A1A3C /* list.c in Sources */,
			);
			runOnlyForDeploymentPostprocessing = 0;
		};
/* End PBXSourcesBuildPhase section */

/* Begin XCBuildConfiguration section */
		B44516BB1610D53A004A1A3C /* Debug */ = {
			isa = XCBuildConfiguration;
			buildSettings = {
				ARCHS = "$(ARCHS_STANDARD_32_BIT)";
				GCC_PRECOMPILE_PREFIX_HEADER = YES;
				GCC_PREFIX_HEADER = "stored/stored-Prefix.pch";
				OTHER_LDFLAGS = "-lsqlite3";
				PRODUCT_NAME = "$(TARGET_NAME)";
			};
			name = Debug;
		};
		B44516BC1610D53A004A1A3C /* Release */ = {
			isa = XCBuildConfiguration;
			buildSettings = {
				ARCHS = "$(ARCHS_STANDARD_32_BIT)";
				GCC_PRECOMPILE_PREFIX_HEADER = YES;
				GCC_PREFIX_HEADER = "stored/stored-Prefix.pch";
				OTHER_LDFLAGS = "-lsqlite3";
				PRODUCT_NAME = "$(TARGET_NAME)";
			};
			name = Release;
		};
		B497EBC51608F28E00BF3C87 /* Debug */ = {
			isa = XCBuildConfiguration;
			buildSettings = {
				ALWAYS_SEARCH_USER_PATHS = NO;
				ARCHS = "$(ARCHS_STANDARD_32_BIT)";
				CLANG_CXX_LANGUAGE_STANDARD = "gnu++0x";
				CLANG_CXX_LIBRARY = "libc++";
				CLANG_WARN_EMPTY_BODY = YES;
				CLANG_WARN__DUPLICATE_METHOD_MATCH = YES;
				COPY_PHASE_STRIP = NO;
				GCC_C_LANGUAGE_STANDARD = gnu99;
				GCC_DYNAMIC_NO_PIC = NO;
				GCC_ENABLE_OBJC_EXCEPTIONS = YES;
				GCC_OPTIMIZATION_LEVEL = 0;
				GCC_PREPROCESSOR_DEFINITIONS = (
					"DEBUG=1",
					"$(inherited)",
				);
				GCC_SYMBOLS_PRIVATE_EXTERN = NO;
				GCC_WARN_64_TO_32_BIT_CONVERSION = YES;
				GCC_WARN_ABOUT_RETURN_TYPE = YES;
				GCC_WARN_UNINITIALIZED_AUTOS = YES;
				GCC_WARN_UNUSED_VARIABLE = YES;
				MACOSX_DEPLOYMENT_TARGET = 10.8;
				ONLY_ACTIVE_ARCH = YES;
				SDKROOT = macosx;
			};
			name = Debug;
		};
		B497EBC61608F28E00BF3C87 /* Release */ = {
			isa = XCBuildConfiguration;
			buildSettings = {
				ALWAYS_SEARCH_USER_PATHS = NO;
				ARCHS = "$(ARCHS_STANDARD_32_BIT)";
				CLANG_CXX_LANGUAGE_STANDARD = "gnu++0x";
				CLANG_CXX_LIBRARY = "libc++";
				CLANG_WARN_EMPTY_BODY = YES;
				CLANG_WARN__DUPLICATE_METHOD_MATCH = YES;
				COPY_PHASE_STRIP = YES;
				DEBUG_INFORMATION_FORMAT = "dwarf-with-dsym";
				GCC_C_LANGUAGE_STANDARD = gnu99;
				GCC_ENABLE_OBJC_EXCEPTIONS = YES;
				GCC_WARN_64_TO_32_BIT_CONVERSION = YES;
				GCC_WARN_ABOUT_RETURN_TYPE = YES;
				GCC_WARN_UNINITIALIZED_AUTOS = YES;
				GCC_WARN_UNUSED_VARIABLE = YES;
				MACOSX_DEPLOYMENT_TARGET = 10.8;
				SDKROOT = macosx;
			};
			name = Release;
		};
		B497EBC81608F28E00BF3C87 /* Debug */ = {
			isa = XCBuildConfiguration;
			buildSettings = {
				ARCHS = "$(ARCHS_STANDARD_32_BIT)";
				GCC_PRECOMPILE_PREFIX_HEADER = YES;
				GCC_PREFIX_HEADER = "harvest/harvest-Prefix.pch";
				PRODUCT_NAME = "$(TARGET_NAME)";
			};
			name = Debug;
		};
		B497EBC91608F28E00BF3C87 /* Release */ = {
			isa = XCBuildConfiguration;
			buildSettings = {
				ARCHS = "$(ARCHS_STANDARD_32_BIT)";
				GCC_PRECOMPILE_PREFIX_HEADER = YES;
				GCC_PREFIX_HEADER = "harvest/harvest-Prefix.pch";
				PRODUCT_NAME = "$(TARGET_NAME)";
			};
			name = Release;
		};
/* End XCBuildConfiguration section */

/* Begin XCConfigurationList section */
		B44516BD1610D53A004A1A3C /* Build configuration list for PBXNativeTarget "stored" */ = {
			isa = XCConfigurationList;
			buildConfigurations = (
				B44516BB1610D53A004A1A3C /* Debug */,
				B44516BC1610D53A004A1A3C /* Release */,
			);
			defaultConfigurationIsVisible = 0;
			defaultConfigurationName = Release;
		};
		B497EBB21608F28E00BF3C87 /* Build configuration list for PBXProject "harvest" */ = {
			isa = XCConfigurationList;
			buildConfigurations = (
				B497EBC51608F28E00BF3C87 /* Debug */,
				B497EBC61608F28E00BF3C87 /* Release */,
			);
			defaultConfigurationIsVisible = 0;
			defaultConfigurationName = Release;
		};
		B497EBC71608F28E00BF3C87 /* Build configuration list for PBXNativeTarget "harvestd" */ = {
			isa = XCConfigurationList;
			buildConfigurations = (
				B497EBC81608F28E00BF3C87 /* Debug */,
				B497EBC91608F28E00BF3C87 /* Release */,
			);
			defaultConfigurationIsVisible = 0;
			defaultConfigurationName = Release;
		};
/* End XCConfigurationList section */
	};
	rootObject = B497EBAF1608F28D00BF3C87 /* Project object */;
}
