// !$*UTF8*$!
{
	archiveVersion = 1;
	classes = {
	};
	objectVersion = 46;
	objects = {

/* Begin PBXBuildFile section */
		B497EBCB1608F2F600BF3C87 /* libpcap.dylib in Frameworks */ = {isa = PBXBuildFile; fileRef = B497EBCA1608F2F600BF3C87 /* libpcap.dylib */; };
		B4CC96131614CE8900A4CA5F /* list.c in Sources */ = {isa = PBXBuildFile; fileRef = B4CC96111614CE8900A4CA5F /* list.c */; };
		B4CC96171614EC9500A4CA5F /* libsqlite3.dylib in Frameworks */ = {isa = PBXBuildFile; fileRef = B4CC96161614EC9500A4CA5F /* libsqlite3.dylib */; };
		B4F7AE521614C854005C4703 /* main.c in Sources */ = {isa = PBXBuildFile; fileRef = B4F7AE501614C854005C4703 /* main.c */; };
/* End PBXBuildFile section */

/* Begin PBXCopyFilesBuildPhase section */
		B497EBB61608F28E00BF3C87 /* CopyFiles */ = {
			isa = PBXCopyFilesBuildPhase;
			buildActionMask = 2147483647;
			dstPath = /usr/share/man/man1/;
			dstSubfolderSpec = 0;
			files = (
			);
			runOnlyForDeploymentPostprocessing = 1;
		};
/* End PBXCopyFilesBuildPhase section */

/* Begin PBXFileReference section */
		B437E4E816180DE9006D0A32 /* Makefile */ = {isa = PBXFileReference; fileEncoding = 4; lastKnownFileType = sourcecode.make; name = Makefile; path = harvestd/Makefile; sourceTree = SOURCE_ROOT; };
		B497EBB81608F28E00BF3C87 /* harvestd */ = {isa = PBXFileReference; explicitFileType = "compiled.mach-o.executable"; includeInIndex = 0; path = harvestd; sourceTree = BUILT_PRODUCTS_DIR; };
		B497EBCA1608F2F600BF3C87 /* libpcap.dylib */ = {isa = PBXFileReference; lastKnownFileType = "compiled.mach-o.dylib"; name = libpcap.dylib; path = usr/lib/libpcap.dylib; sourceTree = SDKROOT; };
		B4CC960D1614CD3000A4CA5F /* ieee80211_defs.h */ = {isa = PBXFileReference; fileEncoding = 4; lastKnownFileType = sourcecode.c.h; name = ieee80211_defs.h; path = harvestd/inc/ieee80211/ieee80211_defs.h; sourceTree = SOURCE_ROOT; };
		B4CC96111614CE8900A4CA5F /* list.c */ = {isa = PBXFileReference; fileEncoding = 4; lastKnownFileType = sourcecode.c.c; name = list.c; path = common/list.c; sourceTree = "<group>"; };
		B4CC96121614CE8900A4CA5F /* list.h */ = {isa = PBXFileReference; fileEncoding = 4; lastKnownFileType = sourcecode.c.h; name = list.h; path = common/list.h; sourceTree = "<group>"; };
		B4CC96151614EC0600A4CA5F /* harvest.h */ = {isa = PBXFileReference; fileEncoding = 4; lastKnownFileType = sourcecode.c.h; name = harvest.h; path = common/harvest.h; sourceTree = "<group>"; };
		B4CC96161614EC9500A4CA5F /* libsqlite3.dylib */ = {isa = PBXFileReference; lastKnownFileType = "compiled.mach-o.dylib"; name = libsqlite3.dylib; path = usr/lib/libsqlite3.dylib; sourceTree = SDKROOT; };
		B4CC96191614F2C200A4CA5F /* dstites_sqlite.h */ = {isa = PBXFileReference; fileEncoding = 4; lastKnownFileType = sourcecode.c.h; name = dstites_sqlite.h; path = common/dstites_sqlite.h; sourceTree = SOURCE_ROOT; };
		B4F7AE501614C854005C4703 /* main.c */ = {isa = PBXFileReference; fileEncoding = 4; lastKnownFileType = sourcecode.c.c; name = main.c; path = harvestd/main.c; sourceTree = SOURCE_ROOT; };
		B4F7AE511614C854005C4703 /* main.h */ = {isa = PBXFileReference; fileEncoding = 4; lastKnownFileType = sourcecode.c.h; name = main.h; path = harvestd/main.h; sourceTree = SOURCE_ROOT; };
		B4F7AE571614C8A0005C4703 /* harvest-Prefix.pch */ = {isa = PBXFileReference; fileEncoding = 4; lastKnownFileType = sourcecode.c.h; name = "harvest-Prefix.pch"; path = "harvestd/harvest-Prefix.pch"; sourceTree = SOURCE_ROOT; };
		B4F7AE5A1614C8C0005C4703 /* harvest.1 */ = {isa = PBXFileReference; fileEncoding = 4; lastKnownFileType = text.man; name = harvest.1; path = harvestd/harvest.1; sourceTree = SOURCE_ROOT; };
		B4F7AE5B1614CC7F005C4703 /* dstites_radiotap.h */ = {isa = PBXFileReference; fileEncoding = 4; lastKnownFileType = sourcecode.c.h; name = dstites_radiotap.h; path = harvestd/inc/radiotap/dstites_radiotap.h; sourceTree = SOURCE_ROOT; };
		B4F7AE5C1614CC7F005C4703 /* radiotap.h */ = {isa = PBXFileReference; fileEncoding = 4; lastKnownFileType = sourcecode.c.h; name = radiotap.h; path = harvestd/inc/radiotap/radiotap.h; sourceTree = SOURCE_ROOT; };
/* End PBXFileReference section */

/* Begin PBXFrameworksBuildPhase section */
		B497EBB51608F28E00BF3C87 /* Frameworks */ = {
			isa = PBXFrameworksBuildPhase;
			buildActionMask = 2147483647;
			files = (
				B4CC96171614EC9500A4CA5F /* libsqlite3.dylib in Frameworks */,
				B497EBCB1608F2F600BF3C87 /* libpcap.dylib in Frameworks */,
			);
			runOnlyForDeploymentPostprocessing = 0;
		};
/* End PBXFrameworksBuildPhase section */

/* Begin PBXGroup section */
		B44516C416110CC9004A1A3C /* common */ = {
			isa = PBXGroup;
			children = (
				B4CC96111614CE8900A4CA5F /* list.c */,
				B4CC96121614CE8900A4CA5F /* list.h */,
				B4CC96151614EC0600A4CA5F /* harvest.h */,
			);
			name = common;
			sourceTree = "<group>";
		};
		B497EBAD1608F28D00BF3C87 = {
			isa = PBXGroup;
			children = (
				B44516C416110CC9004A1A3C /* common */,
				B497EBBE1608F28E00BF3C87 /* harvestd */,
				B497EBBB1608F28E00BF3C87 /* Frameworks */,
				B497EBB91608F28E00BF3C87 /* Products */,
			);
			sourceTree = "<group>";
		};
		B497EBB91608F28E00BF3C87 /* Products */ = {
			isa = PBXGroup;
			children = (
				B497EBB81608F28E00BF3C87 /* harvestd */,
			);
			name = Products;
			sourceTree = "<group>";
		};
		B497EBBB1608F28E00BF3C87 /* Frameworks */ = {
			isa = PBXGroup;
			children = (
				B4CC96161614EC9500A4CA5F /* libsqlite3.dylib */,
				B497EBCA1608F2F600BF3C87 /* libpcap.dylib */,
			);
			name = Frameworks;
			sourceTree = "<group>";
		};
		B497EBBE1608F28E00BF3C87 /* harvestd */ = {
			isa = PBXGroup;
			children = (
				B4F7AE511614C854005C4703 /* main.h */,
				B4F7AE501614C854005C4703 /* main.c */,
				B4CC96181614ECA700A4CA5F /* sqlite */,
				B4F7AE591614C8AD005C4703 /* radiotap */,
				B4F7AE581614C8A6005C4703 /* ieee80211 */,
				B4F7AE5A1614C8C0005C4703 /* harvest.1 */,
				B4F7AE561614C88B005C4703 /* Supporting Files */,
			);
			name = harvestd;
			path = harvest;
			sourceTree = "<group>";
		};
		B4CC96181614ECA700A4CA5F /* sqlite */ = {
			isa = PBXGroup;
			children = (
				B4CC96191614F2C200A4CA5F /* dstites_sqlite.h */,
			);
			name = sqlite;
			sourceTree = "<group>";
		};
		B4F7AE561614C88B005C4703 /* Supporting Files */ = {
			isa = PBXGroup;
			children = (
				B437E4E816180DE9006D0A32 /* Makefile */,
				B4F7AE571614C8A0005C4703 /* harvest-Prefix.pch */,
			);
			name = "Supporting Files";
			sourceTree = "<group>";
		};
		B4F7AE581614C8A6005C4703 /* ieee80211 */ = {
			isa = PBXGroup;
			children = (
				B4CC960D1614CD3000A4CA5F /* ieee80211_defs.h */,
			);
			name = ieee80211;
			sourceTree = "<group>";
		};
		B4F7AE591614C8AD005C4703 /* radiotap */ = {
			isa = PBXGroup;
			children = (
				B4F7AE5B1614CC7F005C4703 /* dstites_radiotap.h */,
				B4F7AE5C1614CC7F005C4703 /* radiotap.h */,
			);
			name = radiotap;
			sourceTree = "<group>";
		};
/* End PBXGroup section */

/* Begin PBXNativeTarget section */
		B497EBB71608F28E00BF3C87 /* harvestd */ = {
			isa = PBXNativeTarget;
			buildConfigurationList = B497EBC71608F28E00BF3C87 /* Build configuration list for PBXNativeTarget "harvestd" */;
			buildPhases = (
				B497EBB41608F28E00BF3C87 /* Sources */,
				B497EBB51608F28E00BF3C87 /* Frameworks */,
				B497EBB61608F28E00BF3C87 /* CopyFiles */,
			);
			buildRules = (
			);
			dependencies = (
			);
			name = harvestd;
			productName = harvest;
			productReference = B497EBB81608F28E00BF3C87 /* harvestd */;
			productType = "com.apple.product-type.tool";
		};
/* End PBXNativeTarget section */

/* Begin PBXProject section */
		B497EBAF1608F28D00BF3C87 /* Project object */ = {
			isa = PBXProject;
			attributes = {
				LastUpgradeCheck = 0450;
			};
			buildConfigurationList = B497EBB21608F28E00BF3C87 /* Build configuration list for PBXProject "harvest" */;
			compatibilityVersion = "Xcode 3.2";
			developmentRegion = English;
			hasScannedForEncodings = 0;
			knownRegions = (
				en,
			);
			mainGroup = B497EBAD1608F28D00BF3C87;
			productRefGroup = B497EBB91608F28E00BF3C87 /* Products */;
			projectDirPath = "";
			projectRoot = "";
			targets = (
				B497EBB71608F28E00BF3C87 /* harvestd */,
			);
		};
/* End PBXProject section */

/* Begin PBXSourcesBuildPhase section */
		B497EBB41608F28E00BF3C87 /* Sources */ = {
			isa = PBXSourcesBuildPhase;
			buildActionMask = 2147483647;
			files = (
				B4F7AE521614C854005C4703 /* main.c in Sources */,
				B4CC96131614CE8900A4CA5F /* list.c in Sources */,
			);
			runOnlyForDeploymentPostprocessing = 0;
		};
/* End PBXSourcesBuildPhase section */

/* Begin XCBuildConfiguration section */
		B497EBC51608F28E00BF3C87 /* Debug */ = {
			isa = XCBuildConfiguration;
			buildSettings = {
				ALWAYS_SEARCH_USER_PATHS = NO;
				ARCHS = "$(ARCHS_STANDARD_32_BIT)";
				CLANG_CXX_LANGUAGE_STANDARD = "gnu++0x";
				CLANG_CXX_LIBRARY = "libc++";
				CLANG_WARN_EMPTY_BODY = YES;
				CLANG_WARN__DUPLICATE_METHOD_MATCH = YES;
				COPY_PHASE_STRIP = NO;
				GCC_C_LANGUAGE_STANDARD = gnu99;
				GCC_DYNAMIC_NO_PIC = NO;
				GCC_ENABLE_OBJC_EXCEPTIONS = YES;
				GCC_OPTIMIZATION_LEVEL = 0;
				GCC_PREPROCESSOR_DEFINITIONS = (
					"DEBUG=1",
					"$(inherited)",
					"LOGGING=1",
				);
				GCC_SYMBOLS_PRIVATE_EXTERN = NO;
				GCC_WARN_64_TO_32_BIT_CONVERSION = YES;
				GCC_WARN_ABOUT_RETURN_TYPE = YES;
				GCC_WARN_UNINITIALIZED_AUTOS = YES;
				GCC_WARN_UNUSED_VARIABLE = YES;
				MACOSX_DEPLOYMENT_TARGET = 10.8;
				ONLY_ACTIVE_ARCH = YES;
				SDKROOT = macosx;
				VALID_ARCHS = "i386 x86_64 armv7";
			};
			name = Debug;
		};
		B497EBC61608F28E00BF3C87 /* Release */ = {
			isa = XCBuildConfiguration;
			buildSettings = {
				ALWAYS_SEARCH_USER_PATHS = NO;
				ARCHS = "$(ARCHS_STANDARD_32_BIT)";
				CLANG_CXX_LANGUAGE_STANDARD = "gnu++0x";
				CLANG_CXX_LIBRARY = "libc++";
				CLANG_WARN_EMPTY_BODY = YES;
				CLANG_WARN__DUPLICATE_METHOD_MATCH = YES;
				COPY_PHASE_STRIP = YES;
				DEBUG_INFORMATION_FORMAT = "dwarf-with-dsym";
				GCC_C_LANGUAGE_STANDARD = gnu99;
				GCC_ENABLE_OBJC_EXCEPTIONS = YES;
				GCC_WARN_64_TO_32_BIT_CONVERSION = YES;
				GCC_WARN_ABOUT_RETURN_TYPE = YES;
				GCC_WARN_UNINITIALIZED_AUTOS = YES;
				GCC_WARN_UNUSED_VARIABLE = YES;
				MACOSX_DEPLOYMENT_TARGET = 10.8;
				SDKROOT = macosx;
				VALID_ARCHS = "i386 x86_64 armv7";
			};
			name = Release;
		};
		B497EBC81608F28E00BF3C87 /* Debug */ = {
			isa = XCBuildConfiguration;
			buildSettings = {
				ARCHS = "$(ARCHS_STANDARD_32_BIT)";
				GCC_PRECOMPILE_PREFIX_HEADER = YES;
				GCC_PREFIX_HEADER = "harvestd/harvest-Prefix.pch";
				PRODUCT_NAME = "$(TARGET_NAME)";
			};
			name = Debug;
		};
		B497EBC91608F28E00BF3C87 /* Release */ = {
			isa = XCBuildConfiguration;
			buildSettings = {
				ARCHS = "$(ARCHS_STANDARD_32_BIT)";
				GCC_PRECOMPILE_PREFIX_HEADER = YES;
				GCC_PREFIX_HEADER = "harvestd/harvest-Prefix.pch";
				PRODUCT_NAME = "$(TARGET_NAME)";
			};
			name = Release;
		};
/* End XCBuildConfiguration section */

/* Begin XCConfigurationList section */
		B497EBB21608F28E00BF3C87 /* Build configuration list for PBXProject "harvest" */ = {
			isa = XCConfigurationList;
			buildConfigurations = (
				B497EBC51608F28E00BF3C87 /* Debug */,
				B497EBC61608F28E00BF3C87 /* Release */,
			);
			defaultConfigurationIsVisible = 0;
			defaultConfigurationName = Release;
		};
		B497EBC71608F28E00BF3C87 /* Build configuration list for PBXNativeTarget "harvestd" */ = {
			isa = XCConfigurationList;
			buildConfigurations = (
				B497EBC81608F28E00BF3C87 /* Debug */,
				B497EBC91608F28E00BF3C87 /* Release */,
			);
			defaultConfigurationIsVisible = 0;
			defaultConfigurationName = Release;
		};
/* End XCConfigurationList section */
	};
	rootObject = B497EBAF1608F28D00BF3C87 /* Project object */;
}
